// !$*UTF8*$!
{
	archiveVersion = 1;
	classes = {
	};
	objectVersion = 50;
	objects = {

/* Begin PBXBuildFile section */
		185193EA21AFC6F100E7FE42 /* AppDelegate.swift in Sources */ = {isa = PBXBuildFile; fileRef = 185193E921AFC6F100E7FE42 /* AppDelegate.swift */; };
		185193EC21AFC6F100E7FE42 /* ViewController.swift in Sources */ = {isa = PBXBuildFile; fileRef = 185193EB21AFC6F100E7FE42 /* ViewController.swift */; };
		185193EF21AFC6F100E7FE42 /* Main.storyboard in Resources */ = {isa = PBXBuildFile; fileRef = 185193ED21AFC6F100E7FE42 /* Main.storyboard */; };
		185193F121AFC6F300E7FE42 /* Assets.xcassets in Resources */ = {isa = PBXBuildFile; fileRef = 185193F021AFC6F300E7FE42 /* Assets.xcassets */; };
		185193F421AFC6F300E7FE42 /* LaunchScreen.storyboard in Resources */ = {isa = PBXBuildFile; fileRef = 185193F221AFC6F300E7FE42 /* LaunchScreen.storyboard */; };
		185193FC21AFC73600E7FE42 /* ColorPickerViewController.swift in Sources */ = {isa = PBXBuildFile; fileRef = 185193FB21AFC73600E7FE42 /* ColorPickerViewController.swift */; };
		DEBD0F1E5855127261C57452 /* Pods_ColorPicker.framework in Frameworks */ = {isa = PBXBuildFile; fileRef = B558C5C9046B372A3642D609 /* Pods_ColorPicker.framework */; };
/* End PBXBuildFile section */

/* Begin PBXFileReference section */
		185193E621AFC6F100E7FE42 /* ColorPicker.app */ = {isa = PBXFileReference; explicitFileType = wrapper.application; includeInIndex = 0; path = ColorPicker.app; sourceTree = BUILT_PRODUCTS_DIR; };
		185193E921AFC6F100E7FE42 /* AppDelegate.swift */ = {isa = PBXFileReference; lastKnownFileType = sourcecode.swift; path = AppDelegate.swift; sourceTree = "<group>"; };
		185193EB21AFC6F100E7FE42 /* ViewController.swift */ = {isa = PBXFileReference; lastKnownFileType = sourcecode.swift; path = ViewController.swift; sourceTree = "<group>"; };
		185193EE21AFC6F100E7FE42 /* Base */ = {isa = PBXFileReference; lastKnownFileType = file.storyboard; name = Base; path = Base.lproj/Main.storyboard; sourceTree = "<group>"; };
		185193F021AFC6F300E7FE42 /* Assets.xcassets */ = {isa = PBXFileReference; lastKnownFileType = folder.assetcatalog; path = Assets.xcassets; sourceTree = "<group>"; };
		185193F321AFC6F300E7FE42 /* Base */ = {isa = PBXFileReference; lastKnownFileType = file.storyboard; name = Base; path = Base.lproj/LaunchScreen.storyboard; sourceTree = "<group>"; };
		185193F521AFC6F300E7FE42 /* Info.plist */ = {isa = PBXFileReference; lastKnownFileType = text.plist.xml; path = Info.plist; sourceTree = "<group>"; };
		185193FB21AFC73600E7FE42 /* ColorPickerViewController.swift */ = {isa = PBXFileReference; lastKnownFileType = sourcecode.swift; path = ColorPickerViewController.swift; sourceTree = "<group>"; };
		3C491601FB242597F071DF9F /* Pods-ColorPicker.release.xcconfig */ = {isa = PBXFileReference; includeInIndex = 1; lastKnownFileType = text.xcconfig; name = "Pods-ColorPicker.release.xcconfig"; path = "Pods/Target Support Files/Pods-ColorPicker/Pods-ColorPicker.release.xcconfig"; sourceTree = "<group>"; };
		B558C5C9046B372A3642D609 /* Pods_ColorPicker.framework */ = {isa = PBXFileReference; explicitFileType = wrapper.framework; includeInIndex = 0; path = Pods_ColorPicker.framework; sourceTree = BUILT_PRODUCTS_DIR; };
		D9BD7CD0415F78CE6917DFDE /* Pods-ColorPicker.debug.xcconfig */ = {isa = PBXFileReference; includeInIndex = 1; lastKnownFileType = text.xcconfig; name = "Pods-ColorPicker.debug.xcconfig"; path = "Pods/Target Support Files/Pods-ColorPicker/Pods-ColorPicker.debug.xcconfig"; sourceTree = "<group>"; };
/* End PBXFileReference section */

/* Begin PBXFrameworksBuildPhase section */
		185193E321AFC6F100E7FE42 /* Frameworks */ = {
			isa = PBXFrameworksBuildPhase;
			buildActionMask = 2147483647;
			files = (
				DEBD0F1E5855127261C57452 /* Pods_ColorPicker.framework in Frameworks */,
			);
			runOnlyForDeploymentPostprocessing = 0;
		};
/* End PBXFrameworksBuildPhase section */

/* Begin PBXGroup section */
		185193DD21AFC6F100E7FE42 = {
			isa = PBXGroup;
			children = (
				185193E821AFC6F100E7FE42 /* ColorPicker */,
				185193E721AFC6F100E7FE42 /* Products */,
				52BC05E7EFC92B20D1D10164 /* Pods */,
				7FA6C05A22A71D392A5F54EC /* Frameworks */,
			);
			sourceTree = "<group>";
		};
		185193E721AFC6F100E7FE42 /* Products */ = {
			isa = PBXGroup;
			children = (
				185193E621AFC6F100E7FE42 /* ColorPicker.app */,
			);
			name = Products;
			sourceTree = "<group>";
		};
		185193E821AFC6F100E7FE42 /* ColorPicker */ = {
			isa = PBXGroup;
			children = (
				185193E921AFC6F100E7FE42 /* AppDelegate.swift */,
				185193EB21AFC6F100E7FE42 /* ViewController.swift */,
				185193ED21AFC6F100E7FE42 /* Main.storyboard */,
				185193F021AFC6F300E7FE42 /* Assets.xcassets */,
				185193F221AFC6F300E7FE42 /* LaunchScreen.storyboard */,
				185193F521AFC6F300E7FE42 /* Info.plist */,
				185193FB21AFC73600E7FE42 /* ColorPickerViewController.swift */,
			);
			path = ColorPicker;
			sourceTree = "<group>";
		};
		52BC05E7EFC92B20D1D10164 /* Pods */ = {
			isa = PBXGroup;
			children = (
				D9BD7CD0415F78CE6917DFDE /* Pods-ColorPicker.debug.xcconfig */,
				3C491601FB242597F071DF9F /* Pods-ColorPicker.release.xcconfig */,
			);
			name = Pods;
			sourceTree = "<group>";
		};
		7FA6C05A22A71D392A5F54EC /* Frameworks */ = {
			isa = PBXGroup;
			children = (
				B558C5C9046B372A3642D609 /* Pods_ColorPicker.framework */,
			);
			name = Frameworks;
			sourceTree = "<group>";
		};
/* End PBXGroup section */

/* Begin PBXNativeTarget section */
		185193E521AFC6F100E7FE42 /* ColorPicker */ = {
			isa = PBXNativeTarget;
			buildConfigurationList = 185193F821AFC6F300E7FE42 /* Build configuration list for PBXNativeTarget "ColorPicker" */;
			buildPhases = (
				5EB9FF9A9793A2AD0BF55B1D /* [CP] Check Pods Manifest.lock */,
				185193E221AFC6F100E7FE42 /* Sources */,
				185193E321AFC6F100E7FE42 /* Frameworks */,
				185193E421AFC6F100E7FE42 /* Resources */,
				10739C7F34C25D8F4496071B /* [CP] Embed Pods Frameworks */,
			);
			buildRules = (
			);
			dependencies = (
			);
			name = ColorPicker;
			productName = ColorPicker;
			productReference = 185193E621AFC6F100E7FE42 /* ColorPicker.app */;
			productType = "com.apple.product-type.application";
		};
/* End PBXNativeTarget section */

/* Begin PBXProject section */
		185193DE21AFC6F100E7FE42 /* Project object */ = {
			isa = PBXProject;
			attributes = {
				LastSwiftUpdateCheck = 0940;
				LastUpgradeCheck = 0940;
				ORGANIZATIONNAME = Apple;
				TargetAttributes = {
					185193E521AFC6F100E7FE42 = {
						CreatedOnToolsVersion = 9.4.1;
					};
				};
			};
			buildConfigurationList = 185193E121AFC6F100E7FE42 /* Build configuration list for PBXProject "ColorPicker" */;
			compatibilityVersion = "Xcode 9.3";
			developmentRegion = en;
			hasScannedForEncodings = 0;
			knownRegions = (
				en,
				Base,
			);
			mainGroup = 185193DD21AFC6F100E7FE42;
			productRefGroup = 185193E721AFC6F100E7FE42 /* Products */;
			projectDirPath = "";
			projectRoot = "";
			targets = (
				185193E521AFC6F100E7FE42 /* ColorPicker */,
			);
		};
/* End PBXProject section */

/* Begin PBXResourcesBuildPhase section */
		185193E421AFC6F100E7FE42 /* Resources */ = {
			isa = PBXResourcesBuildPhase;
			buildActionMask = 2147483647;
			files = (
				185193F421AFC6F300E7FE42 /* LaunchScreen.storyboard in Resources */,
				185193F121AFC6F300E7FE42 /* Assets.xcassets in Resources */,
				185193EF21AFC6F100E7FE42 /* Main.storyboard in Resources */,
			);
			runOnlyForDeploymentPostprocessing = 0;
		};
/* End PBXResourcesBuildPhase section */

/* Begin PBXShellScriptBuildPhase section */
		10739C7F34C25D8F4496071B /* [CP] Embed Pods Frameworks */ = {
			isa = PBXShellScriptBuildPhase;
			buildActionMask = 2147483647;
			files = (
			);
			inputPaths = (
				"${SRCROOT}/Pods/Target Support Files/Pods-ColorPicker/Pods-ColorPicker-frameworks.sh",
				"${BUILT_PRODUCTS_DIR}/ColorSlider/ColorSlider.framework",
			);
			name = "[CP] Embed Pods Frameworks";
			outputPaths = (
				"${TARGET_BUILD_DIR}/${FRAMEWORKS_FOLDER_PATH}/ColorSlider.framework",
			);
			runOnlyForDeploymentPostprocessing = 0;
			shellPath = /bin/sh;
			shellScript = "\"${SRCROOT}/Pods/Target Support Files/Pods-ColorPicker/Pods-ColorPicker-frameworks.sh\"\n";
			showEnvVarsInLog = 0;
		};
		5EB9FF9A9793A2AD0BF55B1D /* [CP] Check Pods Manifest.lock */ = {
			isa = PBXShellScriptBuildPhase;
			buildActionMask = 2147483647;
			files = (
			);
			inputPaths = (
				"${PODS_PODFILE_DIR_PATH}/Podfile.lock",
				"${PODS_ROOT}/Manifest.lock",
			);
			name = "[CP] Check Pods Manifest.lock";
			outputPaths = (
				"$(DERIVED_FILE_DIR)/Pods-ColorPicker-checkManifestLockResult.txt",
			);
			runOnlyForDeploymentPostprocessing = 0;
			shellPath = /bin/sh;
			shellScript = "diff \"${PODS_PODFILE_DIR_PATH}/Podfile.lock\" \"${PODS_ROOT}/Manifest.lock\" > /dev/null\nif [ $? != 0 ] ; then\n    # print error to STDERR\n    echo \"error: The sandbox is not in sync with the Podfile.lock. Run 'pod install' or update your CocoaPods installation.\" >&2\n    exit 1\nfi\n# This output is used by Xcode 'outputs' to avoid re-running this script phase.\necho \"SUCCESS\" > \"${SCRIPT_OUTPUT_FILE_0}\"\n";
			showEnvVarsInLog = 0;
		};
/* End PBXShellScriptBuildPhase section */

/* Begin PBXSourcesBuildPhase section */
		185193E221AFC6F100E7FE42 /* Sources */ = {
			isa = PBXSourcesBuildPhase;
			buildActionMask = 2147483647;
			files = (
				185193EC21AFC6F100E7FE42 /* ViewController.swift in Sources */,
				185193EA21AFC6F100E7FE42 /* AppDelegate.swift in Sources */,
				185193FC21AFC73600E7FE42 /* ColorPickerViewController.swift in Sources */,
			);
			runOnlyForDeploymentPostprocessing = 0;
		};
/* End PBXSourcesBuildPhase section */

/* Begin PBXVariantGroup section */
		185193ED21AFC6F100E7FE42 /* Main.storyboard */ = {
			isa = PBXVariantGroup;
			children = (
				185193EE21AFC6F100E7FE42 /* Base */,
			);
			name = Main.storyboard;
			sourceTree = "<group>";
		};
		185193F221AFC6F300E7FE42 /* LaunchScreen.storyboard */ = {
			isa = PBXVariantGroup;
			children = (
				185193F321AFC6F300E7FE42 /* Base */,
			);
			name = LaunchScreen.storyboard;
			sourceTree = "<group>";
		};
/* End PBXVariantGroup section */

/* Begin XCBuildConfiguration section */
		185193F621AFC6F300E7FE42 /* Debug */ = {
			isa = XCBuildConfiguration;
			buildSettings = {
				ALWAYS_SEARCH_USER_PATHS = NO;
				CLANG_ANALYZER_NONNULL = YES;
				CLANG_ANALYZER_NUMBER_OBJECT_CONVERSION = YES_AGGRESSIVE;
				CLANG_CXX_LANGUAGE_STANDARD = "gnu++14";
				CLANG_CXX_LIBRARY = "libc++";
				CLANG_ENABLE_MODULES = YES;
				CLANG_ENABLE_OBJC_ARC = YES;
				CLANG_ENABLE_OBJC_WEAK = YES;
				CLANG_WARN_BLOCK_CAPTURE_AUTORELEASING = YES;
				CLANG_WARN_BOOL_CONVERSION = YES;
				CLANG_WARN_COMMA = YES;
				CLANG_WARN_CONSTANT_CONVERSION = YES;
				CLANG_WARN_DEPRECATED_OBJC_IMPLEMENTATIONS = YES;
				CLANG_WARN_DIRECT_OBJC_ISA_USAGE = YES_ERROR;
				CLANG_WARN_DOCUMENTATION_COMMENTS = YES;
				CLANG_WARN_EMPTY_BODY = YES;
				CLANG_WARN_ENUM_CONVERSION = YES;
				CLANG_WARN_INFINITE_RECURSION = YES;
				CLANG_WARN_INT_CONVERSION = YES;
				CLANG_WARN_NON_LITERAL_NULL_CONVERSION = YES;
				CLANG_WARN_OBJC_IMPLICIT_RETAIN_SELF = YES;
				CLANG_WARN_OBJC_LITERAL_CONVERSION = YES;
				CLANG_WARN_OBJC_ROOT_CLASS = YES_ERROR;
				CLANG_WARN_RANGE_LOOP_ANALYSIS = YES;
				CLANG_WARN_STRICT_PROTOTYPES = YES;
				CLANG_WARN_SUSPICIOUS_MOVE = YES;
				CLANG_WARN_UNGUARDED_AVAILABILITY = YES_AGGRESSIVE;
				CLANG_WARN_UNREACHABLE_CODE = YES;
				CLANG_WARN__DUPLICATE_METHOD_MATCH = YES;
				CODE_SIGN_IDENTITY = "iPhone Developer";
				COPY_PHASE_STRIP = NO;
				DEBUG_INFORMATION_FORMAT = dwarf;
				ENABLE_STRICT_OBJC_MSGSEND = YES;
				ENABLE_TESTABILITY = YES;
				GCC_C_LANGUAGE_STANDARD = gnu11;
				GCC_DYNAMIC_NO_PIC = NO;
				GCC_NO_COMMON_BLOCKS = YES;
				GCC_OPTIMIZATION_LEVEL = 0;
				GCC_PREPROCESSOR_DEFINITIONS = (
					"DEBUG=1",
					"$(inherited)",
				);
				GCC_WARN_64_TO_32_BIT_CONVERSION = YES;
				GCC_WARN_ABOUT_RETURN_TYPE = YES_ERROR;
				GCC_WARN_UNDECLARED_SELECTOR = YES;
				GCC_WARN_UNINITIALIZED_AUTOS = YES_AGGRESSIVE;
				GCC_WARN_UNUSED_FUNCTION = YES;
				GCC_WARN_UNUSED_VARIABLE = YES;
				IPHONEOS_DEPLOYMENT_TARGET = 11.4;
				MTL_ENABLE_DEBUG_INFO = YES;
				ONLY_ACTIVE_ARCH = YES;
				SDKROOT = iphoneos;
				SWIFT_ACTIVE_COMPILATION_CONDITIONS = DEBUG;
				SWIFT_OPTIMIZATION_LEVEL = "-Onone";
			};
			name = Debug;
		};
		185193F721AFC6F300E7FE42 /* Release */ = {
			isa = XCBuildConfiguration;
			buildSettings = {
				ALWAYS_SEARCH_USER_PATHS = NO;
				CLANG_ANALYZER_NONNULL = YES;
				CLANG_ANALYZER_NUMBER_OBJECT_CONVERSION = YES_AGGRESSIVE;
				CLANG_CXX_LANGUAGE_STANDARD = "gnu++14";
				CLANG_CXX_LIBRARY = "libc++";
				CLANG_ENABLE_MODULES = YES;
				CLANG_ENABLE_OBJC_ARC = YES;
				CLANG_ENABLE_OBJC_WEAK = YES;
				CLANG_WARN_BLOCK_CAPTURE_AUTORELEASING = YES;
				CLANG_WARN_BOOL_CONVERSION = YES;
				CLANG_WARN_COMMA = YES;
				CLANG_WARN_CONSTANT_CONVERSION = YES;
				CLANG_WARN_DEPRECATED_OBJC_IMPLEMENTATIONS = YES;
				CLANG_WARN_DIRECT_OBJC_ISA_USAGE = YES_ERROR;
				CLANG_WARN_DOCUMENTATION_COMMENTS = YES;
				CLANG_WARN_EMPTY_BODY = YES;
				CLANG_WARN_ENUM_CONVERSION = YES;
				CLANG_WARN_INFINITE_RECURSION = YES;
				CLANG_WARN_INT_CONVERSION = YES;
				CLANG_WARN_NON_LITERAL_NULL_CONVERSION = YES;
				CLANG_WARN_OBJC_IMPLICIT_RETAIN_SELF = YES;
				CLANG_WARN_OBJC_LITERAL_CONVERSION = YES;
				CLANG_WARN_OBJC_ROOT_CLASS = YES_ERROR;
				CLANG_WARN_RANGE_LOOP_ANALYSIS = YES;
				CLANG_WARN_STRICT_PROTOTYPES = YES;
				CLANG_WARN_SUSPICIOUS_MOVE = YES;
				CLANG_WARN_UNGUARDED_AVAILABILITY = YES_AGGRESSIVE;
				CLANG_WARN_UNREACHABLE_CODE = YES;
				CLANG_WARN__DUPLICATE_METHOD_MATCH = YES;
				CODE_SIGN_IDENTITY = "iPhone Developer";
				COPY_PHASE_STRIP = NO;
				DEBUG_INFORMATION_FORMAT = "dwarf-with-dsym";
				ENABLE_NS_ASSERTIONS = NO;
				ENABLE_STRICT_OBJC_MSGSEND = YES;
				GCC_C_LANGUAGE_STANDARD = gnu11;
				GCC_NO_COMMON_BLOCKS = YES;
				GCC_WARN_64_TO_32_BIT_CONVERSION = YES;
				GCC_WARN_ABOUT_RETURN_TYPE = YES_ERROR;
				GCC_WARN_UNDECLARED_SELECTOR = YES;
				GCC_WARN_UNINITIALIZED_AUTOS = YES_AGGRESSIVE;
				GCC_WARN_UNUSED_FUNCTION = YES;
				GCC_WARN_UNUSED_VARIABLE = YES;
				IPHONEOS_DEPLOYMENT_TARGET = 11.4;
				MTL_ENABLE_DEBUG_INFO = NO;
				SDKROOT = iphoneos;
				SWIFT_COMPILATION_MODE = wholemodule;
				SWIFT_OPTIMIZATION_LEVEL = "-O";
				VALIDATE_PRODUCT = YES;
			};
			name = Release;
		};
		185193F921AFC6F300E7FE42 /* Debug */ = {
			isa = XCBuildConfiguration;
			baseConfigurationReference = D9BD7CD0415F78CE6917DFDE /* Pods-ColorPicker.debug.xcconfig */;
			buildSettings = {
				ASSETCATALOG_COMPILER_APPICON_NAME = AppIcon;
				CODE_SIGN_STYLE = Automatic;
				INFOPLIST_FILE = ColorPicker/Info.plist;
				LD_RUNPATH_SEARCH_PATHS = (
					"$(inherited)",
					"@executable_path/Frameworks",
				);
				PRODUCT_BUNDLE_IDENTIFIER = test.ColorPicker;
				PRODUCT_NAME = "$(TARGET_NAME)";
				SWIFT_VERSION = 4.0;
				TARGETED_DEVICE_FAMILY = "1,2";
			};
			name = Debug;
		};
		185193FA21AFC6F300E7FE42 /* Release */ = {
			isa = XCBuildConfiguration;
			baseConfigurationReference = 3C491601FB242597F071DF9F /* Pods-ColorPicker.release.xcconfig */;
			buildSettings = {
				ASSETCATALOG_COMPILER_APPICON_NAME = AppIcon;
				CODE_SIGN_STYLE = Automatic;
				INFOPLIST_FILE = ColorPicker/Info.plist;
				LD_RUNPATH_SEARCH_PATHS = (
					"$(inherited)",
					"@executable_path/Frameworks",
				);
				PRODUCT_BUNDLE_IDENTIFIER = test.ColorPicker;
				PRODUCT_NAME = "$(TARGET_NAME)";
				SWIFT_VERSION = 4.0;
				TARGETED_DEVICE_FAMILY = "1,2";
			};
			name = Release;
		};
/* End XCBuildConfiguration section */

/* Begin XCConfigurationList section */
		185193E121AFC6F100E7FE42 /* Build configuration list for PBXProject "ColorPicker" */ = {
			isa = XCConfigurationList;
			buildConfigurations = (
				185193F621AFC6F300E7FE42 /* Debug */,
				185193F721AFC6F300E7FE42 /* Release */,
			);
			defaultConfigurationIsVisible = 0;
			defaultConfigurationName = Release;
		};
		185193F821AFC6F300E7FE42 /* Build configuration list for PBXNativeTarget "ColorPicker" */ = {
			isa = XCConfigurationList;
			buildConfigurations = (
				185193F921AFC6F300E7FE42 /* Debug */,
				185193FA21AFC6F300E7FE42 /* Release */,
			);
			defaultConfigurationIsVisible = 0;
			defaultConfigurationName = Release;
		};
/* End XCConfigurationList section */
	};
	rootObject = 185193DE21AFC6F100E7FE42 /* Project object */;
}
